
Microsoft Visual Studio Solution File, Format Version 12.00
# Visual Studio Version 17
VisualStudioVersion = 17.1.32228.430
MinimumVisualStudioVersion = 10.0.40219.1
Project("{FAE04EC0-301F-11D3-BF4B-00C04F79EFBC}") = "QuizzGUI.Android", "QuizzGUI.Android\QuizzGUI.Android.csproj", "{BB0C0CA1-60C7-4D0E-9417-0181902F8287}"
EndProject
Project("{FAE04EC0-301F-11D3-BF4B-00C04F79EFBC}") = "QuizzGUI.iOS", "QuizzGUI.iOS\QuizzGUI.iOS.csproj", "{3D7EE065-D61A-42E0-A095-659A95D1170D}"
EndProject
Project("{FAE04EC0-301F-11D3-BF4B-00C04F79EFBC}") = "QuizzGUI", "QuizzGUI\QuizzGUI.csproj", "{C9A90022-16D0-4741-A5D1-8435208D33CA}"
EndProject
Global
	GlobalSection(SolutionConfigurationPlatforms) = preSolution
		Debug|Any CPU = Debug|Any CPU
		Debug|iPhone = Debug|iPhone
		Debug|iPhoneSimulator = Debug|iPhoneSimulator
		Release|Any CPU = Release|Any CPU
		Release|iPhone = Release|iPhone
		Release|iPhoneSimulator = Release|iPhoneSimulator
	EndGlobalSection
	GlobalSection(ProjectConfigurationPlatforms) = postSolution
		{BB0C0CA1-60C7-4D0E-9417-0181902F8287}.Debug|Any CPU.ActiveCfg = Debug|Any CPU
		{BB0C0CA1-60C7-4D0E-9417-0181902F8287}.Debug|Any CPU.Build.0 = Debug|Any CPU
		{BB0C0CA1-60C7-4D0E-9417-0181902F8287}.Debug|Any CPU.Deploy.0 = Debug|Any CPU
		{BB0C0CA1-60C7-4D0E-9417-0181902F8287}.Debug|iPhone.ActiveCfg = Debug|Any CPU
		{BB0C0CA1-60C7-4D0E-9417-0181902F8287}.Debug|iPhone.Build.0 = Debug|Any CPU
		{BB0C0CA1-60C7-4D0E-9417-0181902F8287}.Debug|iPhone.Deploy.0 = Debug|Any CPU
		{BB0C0CA1-60C7-4D0E-9417-0181902F8287}.Debug|iPhoneSimulator.ActiveCfg = Debug|Any CPU
		{BB0C0CA1-60C7-4D0E-9417-0181902F8287}.Debug|iPhoneSimulator.Build.0 = Debug|Any CPU
		{BB0C0CA1-60C7-4D0E-9417-0181902F8287}.Debug|iPhoneSimulator.Deploy.0 = Debug|Any CPU
		{BB0C0CA1-60C7-4D0E-9417-0181902F8287}.Release|Any CPU.ActiveCfg = Release|Any CPU
		{BB0C0CA1-60C7-4D0E-9417-0181902F8287}.Release|Any CPU.Build.0 = Release|Any CPU
		{BB0C0CA1-60C7-4D0E-9417-0181902F8287}.Release|Any CPU.Deploy.0 = Release|Any CPU
		{BB0C0CA1-60C7-4D0E-9417-0181902F8287}.Release|iPhone.ActiveCfg = Release|Any CPU
		{BB0C0CA1-60C7-4D0E-9417-0181902F8287}.Release|iPhone.Build.0 = Release|Any CPU
		{BB0C0CA1-60C7-4D0E-9417-0181902F8287}.Release|iPhone.Deploy.0 = Release|Any CPU
		{BB0C0CA1-60C7-4D0E-9417-0181902F8287}.Release|iPhoneSimulator.ActiveCfg = Release|Any CPU
		{BB0C0CA1-60C7-4D0E-9417-0181902F8287}.Release|iPhoneSimulator.Build.0 = Release|Any CPU
		{BB0C0CA1-60C7-4D0E-9417-0181902F8287}.Release|iPhoneSimulator.Deploy.0 = Release|Any CPU
		{3D7EE065-D61A-42E0-A095-659A95D1170D}.Debug|Any CPU.ActiveCfg = Debug|iPhone
		{3D7EE065-D61A-42E0-A095-659A95D1170D}.Debug|Any CPU.Build.0 = Debug|iPhone
		{3D7EE065-D61A-42E0-A095-659A95D1170D}.Debug|Any CPU.Deploy.0 = Debug|iPhone
		{3D7EE065-D61A-42E0-A095-659A95D1170D}.Debug|iPhone.ActiveCfg = Debug|iPhone
		{3D7EE065-D61A-42E0-A095-659A95D1170D}.Debug|iPhone.Build.0 = Debug|iPhone
		{3D7EE065-D61A-42E0-A095-659A95D1170D}.Debug|iPhone.Deploy.0 = Debug|iPhone
		{3D7EE065-D61A-42E0-A095-659A95D1170D}.Debug|iPhoneSimulator.ActiveCfg = Debug|iPhoneSimulator
		{3D7EE065-D61A-42E0-A095-659A95D1170D}.Debug|iPhoneSimulator.Build.0 = Debug|iPhoneSimulator
		{3D7EE065-D61A-42E0-A095-659A95D1170D}.Debug|iPhoneSimulator.Deploy.0 = Debug|iPhoneSimulator
		{3D7EE065-D61A-42E0-A095-659A95D1170D}.Release|Any CPU.ActiveCfg = Release|iPhoneSimulator
		{3D7EE065-D61A-42E0-A095-659A95D1170D}.Release|Any CPU.Build.0 = Release|iPhoneSimulator
		{3D7EE065-D61A-42E0-A095-659A95D1170D}.Release|Any CPU.Deploy.0 = Release|iPhoneSimulator
		{3D7EE065-D61A-42E0-A095-659A95D1170D}.Release|iPhone.ActiveCfg = Release|iPhone
		{3D7EE065-D61A-42E0-A095-659A95D1170D}.Release|iPhone.Build.0 = Release|iPhone
		{3D7EE065-D61A-42E0-A095-659A95D1170D}.Release|iPhone.Deploy.0 = Release|iPhone
		{3D7EE065-D61A-42E0-A095-659A95D1170D}.Release|iPhoneSimulator.ActiveCfg = Release|iPhoneSimulator
		{3D7EE065-D61A-42E0-A095-659A95D1170D}.Release|iPhoneSimulator.Build.0 = Release|iPhoneSimulator
		{3D7EE065-D61A-42E0-A095-659A95D1170D}.Release|iPhoneSimulator.Deploy.0 = Release|iPhoneSimulator
		{C9A90022-16D0-4741-A5D1-8435208D33CA}.Debug|Any CPU.ActiveCfg = Debug|Any CPU
		{C9A90022-16D0-4741-A5D1-8435208D33CA}.Debug|Any CPU.Build.0 = Debug|Any CPU
		{C9A90022-16D0-4741-A5D1-8435208D33CA}.Debug|Any CPU.Deploy.0 = Debug|Any CPU
		{C9A90022-16D0-4741-A5D1-8435208D33CA}.Debug|iPhone.ActiveCfg = Debug|Any CPU
		{C9A90022-16D0-4741-A5D1-8435208D33CA}.Debug|iPhone.Build.0 = Debug|Any CPU
		{C9A90022-16D0-4741-A5D1-8435208D33CA}.Debug|iPhone.Deploy.0 = Debug|Any CPU
		{C9A90022-16D0-4741-A5D1-8435208D33CA}.Debug|iPhoneSimulator.ActiveCfg = Debug|Any CPU
		{C9A90022-16D0-4741-A5D1-8435208D33CA}.Debug|iPhoneSimulator.Build.0 = Debug|Any CPU
		{C9A90022-16D0-4741-A5D1-8435208D33CA}.Debug|iPhoneSimulator.Deploy.0 = Debug|Any CPU
		{C9A90022-16D0-4741-A5D1-8435208D33CA}.Release|Any CPU.ActiveCfg = Release|Any CPU
		{C9A90022-16D0-4741-A5D1-8435208D33CA}.Release|Any CPU.Build.0 = Release|Any CPU
		{C9A90022-16D0-4741-A5D1-8435208D33CA}.Release|Any CPU.Deploy.0 = Release|Any CPU
		{C9A90022-16D0-4741-A5D1-8435208D33CA}.Release|iPhone.ActiveCfg = Release|Any CPU
		{C9A90022-16D0-4741-A5D1-8435208D33CA}.Release|iPhone.Build.0 = Release|Any CPU
		{C9A90022-16D0-4741-A5D1-8435208D33CA}.Release|iPhone.Deploy.0 = Release|Any CPU
		{C9A90022-16D0-4741-A5D1-8435208D33CA}.Release|iPhoneSimulator.ActiveCfg = Release|Any CPU
		{C9A90022-16D0-4741-A5D1-8435208D33CA}.Release|iPhoneSimulator.Build.0 = Release|Any CPU
		{C9A90022-16D0-4741-A5D1-8435208D33CA}.Release|iPhoneSimulator.Deploy.0 = Release|Any CPU
	EndGlobalSection
	GlobalSection(SolutionProperties) = preSolution
		HideSolutionNode = FALSE
	EndGlobalSection
	GlobalSection(ExtensibilityGlobals) = postSolution
		SolutionGuid = {4A9069E4-408C-4FEB-B65C-7EDC939836AA}
	EndGlobalSection
EndGlobal
